// !$*UTF8*$!
{
	archiveVersion = 1;
	classes = {
	};
	objectVersion = 50;
	objects = {

/* Begin PBXBuildFile section */
		315655A12199E8E8008C6731 /* Intents.framework in Frameworks */ = {isa = PBXBuildFile; fileRef = 315655A02199E8E8008C6731 /* Intents.framework */; };
		316BC9FD216BC60B008AB811 /* AppDelegate.swift in Sources */ = {isa = PBXBuildFile; fileRef = 316BC9FC216BC60B008AB811 /* AppDelegate.swift */; };
		316BC9FF216BC60B008AB811 /* ViewController.swift in Sources */ = {isa = PBXBuildFile; fileRef = 316BC9FE216BC60B008AB811 /* ViewController.swift */; };
		316BCA02216BC60B008AB811 /* Main.storyboard in Resources */ = {isa = PBXBuildFile; fileRef = 316BCA00216BC60B008AB811 /* Main.storyboard */; };
		316BCA04216BC60C008AB811 /* Assets.xcassets in Resources */ = {isa = PBXBuildFile; fileRef = 316BCA03216BC60C008AB811 /* Assets.xcassets */; };
		316BCA07216BC60C008AB811 /* LaunchScreen.storyboard in Resources */ = {isa = PBXBuildFile; fileRef = 316BCA05216BC60C008AB811 /* LaunchScreen.storyboard */; };
		316BCA12216BC60C008AB811 /* se_visionTests.swift in Sources */ = {isa = PBXBuildFile; fileRef = 316BCA11216BC60C008AB811 /* se_visionTests.swift */; };
		316BCA1D216BC60C008AB811 /* se_visionUITests.swift in Sources */ = {isa = PBXBuildFile; fileRef = 316BCA1C216BC60C008AB811 /* se_visionUITests.swift */; };
		316BCA2E216BC705008AB811 /* BubbleLayer.swift in Sources */ = {isa = PBXBuildFile; fileRef = 316BCA2A216BC705008AB811 /* BubbleLayer.swift */; };
		316BCA2F216BC705008AB811 /* VisionMLViewController.swift in Sources */ = {isa = PBXBuildFile; fileRef = 316BCA2B216BC705008AB811 /* VisionMLViewController.swift */; };
		316BCA30216BC705008AB811 /* ARViewController.swift in Sources */ = {isa = PBXBuildFile; fileRef = 316BCA2C216BC705008AB811 /* ARViewController.swift */; };
		316BCA31216BC705008AB811 /* BubbleLabelLayer.swift in Sources */ = {isa = PBXBuildFile; fileRef = 316BCA2D216BC705008AB811 /* BubbleLabelLayer.swift */; };
		316BCA33216BC718008AB811 /* Rupees.mlmodel in Sources */ = {isa = PBXBuildFile; fileRef = 316BCA32216BC718008AB811 /* Rupees.mlmodel */; };
		31D6189F218DC3AA003F0CF6 /* GoogleService-Info.plist in Resources */ = {isa = PBXBuildFile; fileRef = 31D6189E218DC3AA003F0CF6 /* GoogleService-Info.plist */; };
		31ED8B1A2242AA6F00A84962 /* ShortcutsTableViewCell.swift in Sources */ = {isa = PBXBuildFile; fileRef = 31ED8B192242AA6F00A84962 /* ShortcutsTableViewCell.swift */; };
		31ED8B1C2242ABDC00A84962 /* AddEditLabelViewController.swift in Sources */ = {isa = PBXBuildFile; fileRef = 31ED8B1B2242ABDC00A84962 /* AddEditLabelViewController.swift */; };
		31F546F321DB3EC300F72BD4 /* ShortcutsTableViewController.swift in Sources */ = {isa = PBXBuildFile; fileRef = 31F546F221DB3EC300F72BD4 /* ShortcutsTableViewController.swift */; };
		31F546F921DBA6DB00F72BD4 /* ShortcutListItem.swift in Sources */ = {isa = PBXBuildFile; fileRef = 31F546F821DBA6DB00F72BD4 /* ShortcutListItem.swift */; };
		31FA1B7C21D260B00055F444 /* UIUtilities.swift in Sources */ = {isa = PBXBuildFile; fileRef = 31FA1B7B21D260B00055F444 /* UIUtilities.swift */; };
		3304889821CD46653D867333 /* Pods_Daykho.framework in Frameworks */ = {isa = PBXBuildFile; fileRef = DBCE0C150678A0235653989D /* Pods_Daykho.framework */; };
/* End PBXBuildFile section */

/* Begin PBXContainerItemProxy section */
		316BCA0E216BC60C008AB811 /* PBXContainerItemProxy */ = {
			isa = PBXContainerItemProxy;
			containerPortal = 316BC9F1216BC60B008AB811 /* Project object */;
			proxyType = 1;
			remoteGlobalIDString = 316BC9F8216BC60B008AB811;
			remoteInfo = se_vision;
		};
		316BCA19216BC60C008AB811 /* PBXContainerItemProxy */ = {
			isa = PBXContainerItemProxy;
			containerPortal = 316BC9F1216BC60B008AB811 /* Project object */;
			proxyType = 1;
			remoteGlobalIDString = 316BC9F8216BC60B008AB811;
			remoteInfo = se_vision;
		};
/* End PBXContainerItemProxy section */

/* Begin PBXFileReference section */
		315655A02199E8E8008C6731 /* Intents.framework */ = {isa = PBXFileReference; lastKnownFileType = wrapper.framework; name = Intents.framework; path = System/Library/Frameworks/Intents.framework; sourceTree = SDKROOT; };
		316BC9F9216BC60B008AB811 /* Daykho.app */ = {isa = PBXFileReference; explicitFileType = wrapper.application; includeInIndex = 0; path = Daykho.app; sourceTree = BUILT_PRODUCTS_DIR; };
		316BC9FC216BC60B008AB811 /* AppDelegate.swift */ = {isa = PBXFileReference; lastKnownFileType = sourcecode.swift; path = AppDelegate.swift; sourceTree = "<group>"; };
		316BC9FE216BC60B008AB811 /* ViewController.swift */ = {isa = PBXFileReference; lastKnownFileType = sourcecode.swift; path = ViewController.swift; sourceTree = "<group>"; };
		316BCA01216BC60B008AB811 /* Base */ = {isa = PBXFileReference; lastKnownFileType = file.storyboard; name = Base; path = Base.lproj/Main.storyboard; sourceTree = "<group>"; };
		316BCA03216BC60C008AB811 /* Assets.xcassets */ = {isa = PBXFileReference; lastKnownFileType = folder.assetcatalog; path = Assets.xcassets; sourceTree = "<group>"; };
		316BCA06216BC60C008AB811 /* Base */ = {isa = PBXFileReference; lastKnownFileType = file.storyboard; name = Base; path = Base.lproj/LaunchScreen.storyboard; sourceTree = "<group>"; };
		316BCA08216BC60C008AB811 /* Info.plist */ = {isa = PBXFileReference; lastKnownFileType = text.plist.xml; path = Info.plist; sourceTree = "<group>"; };
		316BCA0D216BC60C008AB811 /* se_visionTests.xctest */ = {isa = PBXFileReference; explicitFileType = wrapper.cfbundle; includeInIndex = 0; path = se_visionTests.xctest; sourceTree = BUILT_PRODUCTS_DIR; };
		316BCA11216BC60C008AB811 /* se_visionTests.swift */ = {isa = PBXFileReference; lastKnownFileType = sourcecode.swift; path = se_visionTests.swift; sourceTree = "<group>"; };
		316BCA13216BC60C008AB811 /* Info.plist */ = {isa = PBXFileReference; lastKnownFileType = text.plist.xml; path = Info.plist; sourceTree = "<group>"; };
		316BCA18216BC60C008AB811 /* se_visionUITests.xctest */ = {isa = PBXFileReference; explicitFileType = wrapper.cfbundle; includeInIndex = 0; path = se_visionUITests.xctest; sourceTree = BUILT_PRODUCTS_DIR; };
		316BCA1C216BC60C008AB811 /* se_visionUITests.swift */ = {isa = PBXFileReference; lastKnownFileType = sourcecode.swift; path = se_visionUITests.swift; sourceTree = "<group>"; };
		316BCA1E216BC60C008AB811 /* Info.plist */ = {isa = PBXFileReference; lastKnownFileType = text.plist.xml; path = Info.plist; sourceTree = "<group>"; };
		316BCA2A216BC705008AB811 /* BubbleLayer.swift */ = {isa = PBXFileReference; fileEncoding = 4; lastKnownFileType = sourcecode.swift; path = BubbleLayer.swift; sourceTree = "<group>"; };
		316BCA2B216BC705008AB811 /* VisionMLViewController.swift */ = {isa = PBXFileReference; fileEncoding = 4; lastKnownFileType = sourcecode.swift; path = VisionMLViewController.swift; sourceTree = "<group>"; };
		316BCA2C216BC705008AB811 /* ARViewController.swift */ = {isa = PBXFileReference; fileEncoding = 4; lastKnownFileType = sourcecode.swift; path = ARViewController.swift; sourceTree = "<group>"; };
		316BCA2D216BC705008AB811 /* BubbleLabelLayer.swift */ = {isa = PBXFileReference; fileEncoding = 4; lastKnownFileType = sourcecode.swift; path = BubbleLabelLayer.swift; sourceTree = "<group>"; };
		316BCA32216BC718008AB811 /* Rupees.mlmodel */ = {isa = PBXFileReference; lastKnownFileType = file.mlmodel; path = Rupees.mlmodel; sourceTree = "<group>"; };
		31D6189E218DC3AA003F0CF6 /* GoogleService-Info.plist */ = {isa = PBXFileReference; fileEncoding = 4; lastKnownFileType = text.plist.xml; path = "GoogleService-Info.plist"; sourceTree = "<group>"; };
		31ED8B192242AA6F00A84962 /* ShortcutsTableViewCell.swift */ = {isa = PBXFileReference; lastKnownFileType = sourcecode.swift; path = ShortcutsTableViewCell.swift; sourceTree = "<group>"; };
		31ED8B1B2242ABDC00A84962 /* AddEditLabelViewController.swift */ = {isa = PBXFileReference; fileEncoding = 4; lastKnownFileType = sourcecode.swift; path = AddEditLabelViewController.swift; sourceTree = "<group>"; };
		31F546F221DB3EC300F72BD4 /* ShortcutsTableViewController.swift */ = {isa = PBXFileReference; fileEncoding = 4; lastKnownFileType = sourcecode.swift; path = ShortcutsTableViewController.swift; sourceTree = "<group>"; };
		31F546F821DBA6DB00F72BD4 /* ShortcutListItem.swift */ = {isa = PBXFileReference; lastKnownFileType = sourcecode.swift; path = ShortcutListItem.swift; sourceTree = "<group>"; };
		31FA1B7B21D260B00055F444 /* UIUtilities.swift */ = {isa = PBXFileReference; fileEncoding = 4; lastKnownFileType = sourcecode.swift; path = UIUtilities.swift; sourceTree = "<group>"; };
		4CA12AA6A87DC94B24144FDE /* Pods-Daykho.release.xcconfig */ = {isa = PBXFileReference; includeInIndex = 1; lastKnownFileType = text.xcconfig; name = "Pods-Daykho.release.xcconfig"; path = "Pods/Target Support Files/Pods-Daykho/Pods-Daykho.release.xcconfig"; sourceTree = "<group>"; };
		5ACE5B54934573BE11436E85 /* Pods-Daykho.debug.xcconfig */ = {isa = PBXFileReference; includeInIndex = 1; lastKnownFileType = text.xcconfig; name = "Pods-Daykho.debug.xcconfig"; path = "Pods/Target Support Files/Pods-Daykho/Pods-Daykho.debug.xcconfig"; sourceTree = "<group>"; };
		DBCE0C150678A0235653989D /* Pods_Daykho.framework */ = {isa = PBXFileReference; explicitFileType = wrapper.framework; includeInIndex = 0; path = Pods_Daykho.framework; sourceTree = BUILT_PRODUCTS_DIR; };
/* End PBXFileReference section */

/* Begin PBXFrameworksBuildPhase section */
		316BC9F6216BC60B008AB811 /* Frameworks */ = {
			isa = PBXFrameworksBuildPhase;
			buildActionMask = 2147483647;
			files = (
				315655A12199E8E8008C6731 /* Intents.framework in Frameworks */,
				3304889821CD46653D867333 /* Pods_Daykho.framework in Frameworks */,
			);
			runOnlyForDeploymentPostprocessing = 0;
		};
		316BCA0A216BC60C008AB811 /* Frameworks */ = {
			isa = PBXFrameworksBuildPhase;
			buildActionMask = 2147483647;
			files = (
			);
			runOnlyForDeploymentPostprocessing = 0;
		};
		316BCA15216BC60C008AB811 /* Frameworks */ = {
			isa = PBXFrameworksBuildPhase;
			buildActionMask = 2147483647;
			files = (
			);
			runOnlyForDeploymentPostprocessing = 0;
		};
/* End PBXFrameworksBuildPhase section */

/* Begin PBXGroup section */
		31258E6121D25EFC00CADFC9 /* FirebaseML */ = {
			isa = PBXGroup;
			children = (
				31FA1B7B21D260B00055F444 /* UIUtilities.swift */,
			);
			path = FirebaseML;
			sourceTree = "<group>";
		};
		316BC9F0216BC60B008AB811 = {
			isa = PBXGroup;
			children = (
				31258E6121D25EFC00CADFC9 /* FirebaseML */,
				316BC9FB216BC60B008AB811 /* se_vision */,
				316BCA10216BC60C008AB811 /* se_visionTests */,
				316BCA1B216BC60C008AB811 /* se_visionUITests */,
				316BC9FA216BC60B008AB811 /* Products */,
				DEA853BC3A6BBA141C1E7CBF /* Pods */,
				81B0B257D6A8DB13B8D569B2 /* Frameworks */,
			);
			sourceTree = "<group>";
		};
		316BC9FA216BC60B008AB811 /* Products */ = {
			isa = PBXGroup;
			children = (
				316BC9F9216BC60B008AB811 /* Daykho.app */,
				316BCA0D216BC60C008AB811 /* se_visionTests.xctest */,
				316BCA18216BC60C008AB811 /* se_visionUITests.xctest */,
			);
			name = Products;
			sourceTree = "<group>";
		};
		316BC9FB216BC60B008AB811 /* se_vision */ = {
			isa = PBXGroup;
			children = (
				31ED8B1B2242ABDC00A84962 /* AddEditLabelViewController.swift */,
				31F546F221DB3EC300F72BD4 /* ShortcutsTableViewController.swift */,
				31D6189E218DC3AA003F0CF6 /* GoogleService-Info.plist */,
				316BCA32216BC718008AB811 /* Rupees.mlmodel */,
				316BCA2C216BC705008AB811 /* ARViewController.swift */,
				316BCA2D216BC705008AB811 /* BubbleLabelLayer.swift */,
				316BCA2A216BC705008AB811 /* BubbleLayer.swift */,
				316BCA2B216BC705008AB811 /* VisionMLViewController.swift */,
				316BC9FC216BC60B008AB811 /* AppDelegate.swift */,
				316BC9FE216BC60B008AB811 /* ViewController.swift */,
				316BCA00216BC60B008AB811 /* Main.storyboard */,
				316BCA03216BC60C008AB811 /* Assets.xcassets */,
				316BCA05216BC60C008AB811 /* LaunchScreen.storyboard */,
				316BCA08216BC60C008AB811 /* Info.plist */,
				31F546F821DBA6DB00F72BD4 /* ShortcutListItem.swift */,
				31ED8B192242AA6F00A84962 /* ShortcutsTableViewCell.swift */,
			);
			path = se_vision;
			sourceTree = "<group>";
		};
		316BCA10216BC60C008AB811 /* se_visionTests */ = {
			isa = PBXGroup;
			children = (
				316BCA11216BC60C008AB811 /* se_visionTests.swift */,
				316BCA13216BC60C008AB811 /* Info.plist */,
			);
			path = se_visionTests;
			sourceTree = "<group>";
		};
		316BCA1B216BC60C008AB811 /* se_visionUITests */ = {
			isa = PBXGroup;
			children = (
				316BCA1C216BC60C008AB811 /* se_visionUITests.swift */,
				316BCA1E216BC60C008AB811 /* Info.plist */,
			);
			path = se_visionUITests;
			sourceTree = "<group>";
		};
		81B0B257D6A8DB13B8D569B2 /* Frameworks */ = {
			isa = PBXGroup;
			children = (
				315655A02199E8E8008C6731 /* Intents.framework */,
				DBCE0C150678A0235653989D /* Pods_Daykho.framework */,
			);
			name = Frameworks;
			sourceTree = "<group>";
		};
		DEA853BC3A6BBA141C1E7CBF /* Pods */ = {
			isa = PBXGroup;
			children = (
				5ACE5B54934573BE11436E85 /* Pods-Daykho.debug.xcconfig */,
				4CA12AA6A87DC94B24144FDE /* Pods-Daykho.release.xcconfig */,
			);
			name = Pods;
			sourceTree = "<group>";
		};
/* End PBXGroup section */

/* Begin PBXNativeTarget section */
		316BC9F8216BC60B008AB811 /* Daykho */ = {
			isa = PBXNativeTarget;
			buildConfigurationList = 316BCA21216BC60C008AB811 /* Build configuration list for PBXNativeTarget "Daykho" */;
			buildPhases = (
				4771F08FA35A7EE46DB3116C /* [CP] Check Pods Manifest.lock */,
				316BC9F5216BC60B008AB811 /* Sources */,
				316BC9F6216BC60B008AB811 /* Frameworks */,
				316BC9F7216BC60B008AB811 /* Resources */,
				E8BD944798E5888DFCBABDC5 /* [CP] Embed Pods Frameworks */,
				DBF6E2992DA23E2B96673278 /* [CP] Copy Pods Resources */,
			);
			buildRules = (
			);
			dependencies = (
			);
			name = Daykho;
			productName = se_vision;
			productReference = 316BC9F9216BC60B008AB811 /* Daykho.app */;
			productType = "com.apple.product-type.application";
		};
		316BCA0C216BC60C008AB811 /* se_visionTests */ = {
			isa = PBXNativeTarget;
			buildConfigurationList = 316BCA24216BC60C008AB811 /* Build configuration list for PBXNativeTarget "se_visionTests" */;
			buildPhases = (
				316BCA09216BC60C008AB811 /* Sources */,
				316BCA0A216BC60C008AB811 /* Frameworks */,
				316BCA0B216BC60C008AB811 /* Resources */,
			);
			buildRules = (
			);
			dependencies = (
				316BCA0F216BC60C008AB811 /* PBXTargetDependency */,
			);
			name = se_visionTests;
			productName = se_visionTests;
			productReference = 316BCA0D216BC60C008AB811 /* se_visionTests.xctest */;
			productType = "com.apple.product-type.bundle.unit-test";
		};
		316BCA17216BC60C008AB811 /* se_visionUITests */ = {
			isa = PBXNativeTarget;
			buildConfigurationList = 316BCA27216BC60C008AB811 /* Build configuration list for PBXNativeTarget "se_visionUITests" */;
			buildPhases = (
				316BCA14216BC60C008AB811 /* Sources */,
				316BCA15216BC60C008AB811 /* Frameworks */,
				316BCA16216BC60C008AB811 /* Resources */,
			);
			buildRules = (
			);
			dependencies = (
				316BCA1A216BC60C008AB811 /* PBXTargetDependency */,
			);
			name = se_visionUITests;
			productName = se_visionUITests;
			productReference = 316BCA18216BC60C008AB811 /* se_visionUITests.xctest */;
			productType = "com.apple.product-type.bundle.ui-testing";
		};
/* End PBXNativeTarget section */

/* Begin PBXProject section */
		316BC9F1216BC60B008AB811 /* Project object */ = {
			isa = PBXProject;
			attributes = {
				LastSwiftUpdateCheck = 1000;
				LastUpgradeCheck = 1000;
				ORGANIZATIONNAME = "Adarsh Hasija";
				TargetAttributes = {
					316BC9F8216BC60B008AB811 = {
						CreatedOnToolsVersion = 10.0;
						SystemCapabilities = {
							com.apple.Siri = {
								enabled = 0;
							};
						};
					};
					316BCA0C216BC60C008AB811 = {
						CreatedOnToolsVersion = 10.0;
						TestTargetID = 316BC9F8216BC60B008AB811;
					};
					316BCA17216BC60C008AB811 = {
						CreatedOnToolsVersion = 10.0;
						TestTargetID = 316BC9F8216BC60B008AB811;
					};
				};
			};
			buildConfigurationList = 316BC9F4216BC60B008AB811 /* Build configuration list for PBXProject "se_vision" */;
			compatibilityVersion = "Xcode 9.3";
			developmentRegion = en;
			hasScannedForEncodings = 0;
			knownRegions = (
				en,
				Base,
			);
			mainGroup = 316BC9F0216BC60B008AB811;
			productRefGroup = 316BC9FA216BC60B008AB811 /* Products */;
			projectDirPath = "";
			projectRoot = "";
			targets = (
				316BC9F8216BC60B008AB811 /* Daykho */,
				316BCA0C216BC60C008AB811 /* se_visionTests */,
				316BCA17216BC60C008AB811 /* se_visionUITests */,
			);
		};
/* End PBXProject section */

/* Begin PBXResourcesBuildPhase section */
		316BC9F7216BC60B008AB811 /* Resources */ = {
			isa = PBXResourcesBuildPhase;
			buildActionMask = 2147483647;
			files = (
				316BCA07216BC60C008AB811 /* LaunchScreen.storyboard in Resources */,
				31D6189F218DC3AA003F0CF6 /* GoogleService-Info.plist in Resources */,
				316BCA04216BC60C008AB811 /* Assets.xcassets in Resources */,
				316BCA02216BC60B008AB811 /* Main.storyboard in Resources */,
			);
			runOnlyForDeploymentPostprocessing = 0;
		};
		316BCA0B216BC60C008AB811 /* Resources */ = {
			isa = PBXResourcesBuildPhase;
			buildActionMask = 2147483647;
			files = (
			);
			runOnlyForDeploymentPostprocessing = 0;
		};
		316BCA16216BC60C008AB811 /* Resources */ = {
			isa = PBXResourcesBuildPhase;
			buildActionMask = 2147483647;
			files = (
			);
			runOnlyForDeploymentPostprocessing = 0;
		};
/* End PBXResourcesBuildPhase section */

/* Begin PBXShellScriptBuildPhase section */
		4771F08FA35A7EE46DB3116C /* [CP] Check Pods Manifest.lock */ = {
			isa = PBXShellScriptBuildPhase;
			buildActionMask = 2147483647;
			files = (
			);
			inputFileListPaths = (
			);
			inputPaths = (
				"${PODS_PODFILE_DIR_PATH}/Podfile.lock",
				"${PODS_ROOT}/Manifest.lock",
			);
			name = "[CP] Check Pods Manifest.lock";
			outputFileListPaths = (
			);
			outputPaths = (
				"$(DERIVED_FILE_DIR)/Pods-Daykho-checkManifestLockResult.txt",
			);
			runOnlyForDeploymentPostprocessing = 0;
			shellPath = /bin/sh;
			shellScript = "diff \"${PODS_PODFILE_DIR_PATH}/Podfile.lock\" \"${PODS_ROOT}/Manifest.lock\" > /dev/null\nif [ $? != 0 ] ; then\n    # print error to STDERR\n    echo \"error: The sandbox is not in sync with the Podfile.lock. Run 'pod install' or update your CocoaPods installation.\" >&2\n    exit 1\nfi\n# This output is used by Xcode 'outputs' to avoid re-running this script phase.\necho \"SUCCESS\" > \"${SCRIPT_OUTPUT_FILE_0}\"\n";
			showEnvVarsInLog = 0;
		};
		DBF6E2992DA23E2B96673278 /* [CP] Copy Pods Resources */ = {
			isa = PBXShellScriptBuildPhase;
			buildActionMask = 2147483647;
			files = (
			);
			inputFileListPaths = (
			);
			inputPaths = (
				"${SRCROOT}/Pods/Target Support Files/Pods-Daykho/Pods-Daykho-resources.sh",
				"${PODS_CONFIGURATION_BUILD_DIR}/FirebaseUI/FirebaseAuthUI.bundle",
				"${PODS_CONFIGURATION_BUILD_DIR}/GoogleMobileVision/GoogleMVTextDetectorResources.bundle",
			);
			name = "[CP] Copy Pods Resources";
			outputFileListPaths = (
			);
			outputPaths = (
				"${TARGET_BUILD_DIR}/${UNLOCALIZED_RESOURCES_FOLDER_PATH}/FirebaseAuthUI.bundle",
				"${TARGET_BUILD_DIR}/${UNLOCALIZED_RESOURCES_FOLDER_PATH}/GoogleMVTextDetectorResources.bundle",
			);
			runOnlyForDeploymentPostprocessing = 0;
			shellPath = /bin/sh;
			shellScript = "\"${SRCROOT}/Pods/Target Support Files/Pods-Daykho/Pods-Daykho-resources.sh\"\n";
			showEnvVarsInLog = 0;
		};
		E8BD944798E5888DFCBABDC5 /* [CP] Embed Pods Frameworks */ = {
			isa = PBXShellScriptBuildPhase;
			buildActionMask = 2147483647;
			files = (
			);
			inputFileListPaths = (
			);
			inputPaths = (
				"${SRCROOT}/Pods/Target Support Files/Pods-Daykho/Pods-Daykho-frameworks.sh",
				"${PODS_ROOT}/Fritz/Frameworks/FritzCore.framework",
				"${PODS_ROOT}/Fritz/Frameworks/FritzManagedModel.framework",
				"${BUILT_PRODUCTS_DIR}/GTMSessionFetcher/GTMSessionFetcher.framework",
				"${BUILT_PRODUCTS_DIR}/GoogleAPIClientForREST/GoogleAPIClientForREST.framework",
				"${BUILT_PRODUCTS_DIR}/GoogleToolboxForMac/GoogleToolboxForMac.framework",
				"${BUILT_PRODUCTS_DIR}/GoogleUtilities/GoogleUtilities.framework",
				"${BUILT_PRODUCTS_DIR}/Protobuf/Protobuf.framework",
				"${BUILT_PRODUCTS_DIR}/leveldb-library/leveldb.framework",
				"${BUILT_PRODUCTS_DIR}/nanopb/nanopb.framework",
			);
			name = "[CP] Embed Pods Frameworks";
			outputFileListPaths = (
			);
			outputPaths = (
				"${TARGET_BUILD_DIR}/${FRAMEWORKS_FOLDER_PATH}/FritzCore.framework",
				"${TARGET_BUILD_DIR}/${FRAMEWORKS_FOLDER_PATH}/FritzManagedModel.framework",
				"${TARGET_BUILD_DIR}/${FRAMEWORKS_FOLDER_PATH}/GTMSessionFetcher.framework",
				"${TARGET_BUILD_DIR}/${FRAMEWORKS_FOLDER_PATH}/GoogleAPIClientForREST.framework",
				"${TARGET_BUILD_DIR}/${FRAMEWORKS_FOLDER_PATH}/GoogleToolboxForMac.framework",
				"${TARGET_BUILD_DIR}/${FRAMEWORKS_FOLDER_PATH}/GoogleUtilities.framework",
				"${TARGET_BUILD_DIR}/${FRAMEWORKS_FOLDER_PATH}/Protobuf.framework",
				"${TARGET_BUILD_DIR}/${FRAMEWORKS_FOLDER_PATH}/leveldb.framework",
				"${TARGET_BUILD_DIR}/${FRAMEWORKS_FOLDER_PATH}/nanopb.framework",
			);
			runOnlyForDeploymentPostprocessing = 0;
			shellPath = /bin/sh;
			shellScript = "\"${SRCROOT}/Pods/Target Support Files/Pods-Daykho/Pods-Daykho-frameworks.sh\"\n";
			showEnvVarsInLog = 0;
		};
/* End PBXShellScriptBuildPhase section */

/* Begin PBXSourcesBuildPhase section */
		316BC9F5216BC60B008AB811 /* Sources */ = {
			isa = PBXSourcesBuildPhase;
			buildActionMask = 2147483647;
			files = (
				316BC9FF216BC60B008AB811 /* ViewController.swift in Sources */,
				316BCA33216BC718008AB811 /* Rupees.mlmodel in Sources */,
				316BC9FD216BC60B008AB811 /* AppDelegate.swift in Sources */,
				31F546F921DBA6DB00F72BD4 /* ShortcutListItem.swift in Sources */,
				31F546F321DB3EC300F72BD4 /* ShortcutsTableViewController.swift in Sources */,
				316BCA31216BC705008AB811 /* BubbleLabelLayer.swift in Sources */,
				316BCA2E216BC705008AB811 /* BubbleLayer.swift in Sources */,
				316BCA2F216BC705008AB811 /* VisionMLViewController.swift in Sources */,
				31ED8B1A2242AA6F00A84962 /* ShortcutsTableViewCell.swift in Sources */,
				31FA1B7C21D260B00055F444 /* UIUtilities.swift in Sources */,
				31ED8B1C2242ABDC00A84962 /* AddEditLabelViewController.swift in Sources */,
				316BCA30216BC705008AB811 /* ARViewController.swift in Sources */,
			);
			runOnlyForDeploymentPostprocessing = 0;
		};
		316BCA09216BC60C008AB811 /* Sources */ = {
			isa = PBXSourcesBuildPhase;
			buildActionMask = 2147483647;
			files = (
				316BCA12216BC60C008AB811 /* se_visionTests.swift in Sources */,
			);
			runOnlyForDeploymentPostprocessing = 0;
		};
		316BCA14216BC60C008AB811 /* Sources */ = {
			isa = PBXSourcesBuildPhase;
			buildActionMask = 2147483647;
			files = (
				316BCA1D216BC60C008AB811 /* se_visionUITests.swift in Sources */,
			);
			runOnlyForDeploymentPostprocessing = 0;
		};
/* End PBXSourcesBuildPhase section */

/* Begin PBXTargetDependency section */
		316BCA0F216BC60C008AB811 /* PBXTargetDependency */ = {
			isa = PBXTargetDependency;
			target = 316BC9F8216BC60B008AB811 /* Daykho */;
			targetProxy = 316BCA0E216BC60C008AB811 /* PBXContainerItemProxy */;
		};
		316BCA1A216BC60C008AB811 /* PBXTargetDependency */ = {
			isa = PBXTargetDependency;
			target = 316BC9F8216BC60B008AB811 /* Daykho */;
			targetProxy = 316BCA19216BC60C008AB811 /* PBXContainerItemProxy */;
		};
/* End PBXTargetDependency section */

/* Begin PBXVariantGroup section */
		316BCA00216BC60B008AB811 /* Main.storyboard */ = {
			isa = PBXVariantGroup;
			children = (
				316BCA01216BC60B008AB811 /* Base */,
			);
			name = Main.storyboard;
			sourceTree = "<group>";
		};
		316BCA05216BC60C008AB811 /* LaunchScreen.storyboard */ = {
			isa = PBXVariantGroup;
			children = (
				316BCA06216BC60C008AB811 /* Base */,
			);
			name = LaunchScreen.storyboard;
			sourceTree = "<group>";
		};
/* End PBXVariantGroup section */

/* Begin XCBuildConfiguration section */
		316BCA1F216BC60C008AB811 /* Debug */ = {
			isa = XCBuildConfiguration;
			buildSettings = {
				ALWAYS_SEARCH_USER_PATHS = NO;
				CLANG_ANALYZER_NONNULL = YES;
				CLANG_ANALYZER_NUMBER_OBJECT_CONVERSION = YES_AGGRESSIVE;
				CLANG_CXX_LANGUAGE_STANDARD = "gnu++14";
				CLANG_CXX_LIBRARY = "libc++";
				CLANG_ENABLE_MODULES = YES;
				CLANG_ENABLE_OBJC_ARC = YES;
				CLANG_ENABLE_OBJC_WEAK = YES;
				CLANG_WARN_BLOCK_CAPTURE_AUTORELEASING = YES;
				CLANG_WARN_BOOL_CONVERSION = YES;
				CLANG_WARN_COMMA = YES;
				CLANG_WARN_CONSTANT_CONVERSION = YES;
				CLANG_WARN_DEPRECATED_OBJC_IMPLEMENTATIONS = YES;
				CLANG_WARN_DIRECT_OBJC_ISA_USAGE = YES_ERROR;
				CLANG_WARN_DOCUMENTATION_COMMENTS = YES;
				CLANG_WARN_EMPTY_BODY = YES;
				CLANG_WARN_ENUM_CONVERSION = YES;
				CLANG_WARN_INFINITE_RECURSION = YES;
				CLANG_WARN_INT_CONVERSION = YES;
				CLANG_WARN_NON_LITERAL_NULL_CONVERSION = YES;
				CLANG_WARN_OBJC_IMPLICIT_RETAIN_SELF = YES;
				CLANG_WARN_OBJC_LITERAL_CONVERSION = YES;
				CLANG_WARN_OBJC_ROOT_CLASS = YES_ERROR;
				CLANG_WARN_RANGE_LOOP_ANALYSIS = YES;
				CLANG_WARN_STRICT_PROTOTYPES = YES;
				CLANG_WARN_SUSPICIOUS_MOVE = YES;
				CLANG_WARN_UNGUARDED_AVAILABILITY = YES_AGGRESSIVE;
				CLANG_WARN_UNREACHABLE_CODE = YES;
				CLANG_WARN__DUPLICATE_METHOD_MATCH = YES;
				CODE_SIGN_IDENTITY = "iPhone Developer";
				COPY_PHASE_STRIP = NO;
				DEBUG_INFORMATION_FORMAT = dwarf;
				ENABLE_STRICT_OBJC_MSGSEND = YES;
				ENABLE_TESTABILITY = YES;
				GCC_C_LANGUAGE_STANDARD = gnu11;
				GCC_DYNAMIC_NO_PIC = NO;
				GCC_NO_COMMON_BLOCKS = YES;
				GCC_OPTIMIZATION_LEVEL = 0;
				GCC_PREPROCESSOR_DEFINITIONS = (
					"DEBUG=1",
					"$(inherited)",
				);
				GCC_WARN_64_TO_32_BIT_CONVERSION = YES;
				GCC_WARN_ABOUT_RETURN_TYPE = YES_ERROR;
				GCC_WARN_UNDECLARED_SELECTOR = YES;
				GCC_WARN_UNINITIALIZED_AUTOS = YES_AGGRESSIVE;
				GCC_WARN_UNUSED_FUNCTION = YES;
				GCC_WARN_UNUSED_VARIABLE = YES;
				IPHONEOS_DEPLOYMENT_TARGET = 12.0;
				MTL_ENABLE_DEBUG_INFO = INCLUDE_SOURCE;
				MTL_FAST_MATH = YES;
				ONLY_ACTIVE_ARCH = YES;
				SDKROOT = iphoneos;
				SWIFT_ACTIVE_COMPILATION_CONDITIONS = DEBUG;
				SWIFT_OPTIMIZATION_LEVEL = "-Onone";
			};
			name = Debug;
		};
		316BCA20216BC60C008AB811 /* Release */ = {
			isa = XCBuildConfiguration;
			buildSettings = {
				ALWAYS_SEARCH_USER_PATHS = NO;
				CLANG_ANALYZER_NONNULL = YES;
				CLANG_ANALYZER_NUMBER_OBJECT_CONVERSION = YES_AGGRESSIVE;
				CLANG_CXX_LANGUAGE_STANDARD = "gnu++14";
				CLANG_CXX_LIBRARY = "libc++";
				CLANG_ENABLE_MODULES = YES;
				CLANG_ENABLE_OBJC_ARC = YES;
				CLANG_ENABLE_OBJC_WEAK = YES;
				CLANG_WARN_BLOCK_CAPTURE_AUTORELEASING = YES;
				CLANG_WARN_BOOL_CONVERSION = YES;
				CLANG_WARN_COMMA = YES;
				CLANG_WARN_CONSTANT_CONVERSION = YES;
				CLANG_WARN_DEPRECATED_OBJC_IMPLEMENTATIONS = YES;
				CLANG_WARN_DIRECT_OBJC_ISA_USAGE = YES_ERROR;
				CLANG_WARN_DOCUMENTATION_COMMENTS = YES;
				CLANG_WARN_EMPTY_BODY = YES;
				CLANG_WARN_ENUM_CONVERSION = YES;
				CLANG_WARN_INFINITE_RECURSION = YES;
				CLANG_WARN_INT_CONVERSION = YES;
				CLANG_WARN_NON_LITERAL_NULL_CONVERSION = YES;
				CLANG_WARN_OBJC_IMPLICIT_RETAIN_SELF = YES;
				CLANG_WARN_OBJC_LITERAL_CONVERSION = YES;
				CLANG_WARN_OBJC_ROOT_CLASS = YES_ERROR;
				CLANG_WARN_RANGE_LOOP_ANALYSIS = YES;
				CLANG_WARN_STRICT_PROTOTYPES = YES;
				CLANG_WARN_SUSPICIOUS_MOVE = YES;
				CLANG_WARN_UNGUARDED_AVAILABILITY = YES_AGGRESSIVE;
				CLANG_WARN_UNREACHABLE_CODE = YES;
				CLANG_WARN__DUPLICATE_METHOD_MATCH = YES;
				CODE_SIGN_IDENTITY = "iPhone Developer";
				COPY_PHASE_STRIP = NO;
				DEBUG_INFORMATION_FORMAT = "dwarf-with-dsym";
				ENABLE_NS_ASSERTIONS = NO;
				ENABLE_STRICT_OBJC_MSGSEND = YES;
				GCC_C_LANGUAGE_STANDARD = gnu11;
				GCC_NO_COMMON_BLOCKS = YES;
				GCC_WARN_64_TO_32_BIT_CONVERSION = YES;
				GCC_WARN_ABOUT_RETURN_TYPE = YES_ERROR;
				GCC_WARN_UNDECLARED_SELECTOR = YES;
				GCC_WARN_UNINITIALIZED_AUTOS = YES_AGGRESSIVE;
				GCC_WARN_UNUSED_FUNCTION = YES;
				GCC_WARN_UNUSED_VARIABLE = YES;
				IPHONEOS_DEPLOYMENT_TARGET = 12.0;
				MTL_ENABLE_DEBUG_INFO = NO;
				MTL_FAST_MATH = YES;
				SDKROOT = iphoneos;
				SWIFT_COMPILATION_MODE = wholemodule;
				SWIFT_OPTIMIZATION_LEVEL = "-O";
				VALIDATE_PRODUCT = YES;
			};
			name = Release;
		};
		316BCA22216BC60C008AB811 /* Debug */ = {
			isa = XCBuildConfiguration;
			baseConfigurationReference = 5ACE5B54934573BE11436E85 /* Pods-Daykho.debug.xcconfig */;
			buildSettings = {
				ASSETCATALOG_COMPILER_APPICON_NAME = AppIcon;
				CODE_SIGN_STYLE = Automatic;
				DEVELOPMENT_TEAM = B66JCRW7R4;
				INFOPLIST_FILE = se_vision/Info.plist;
				LD_RUNPATH_SEARCH_PATHS = (
					"$(inherited)",
					"@executable_path/Frameworks",
				);
				PRODUCT_BUNDLE_IDENTIFIER = com.starsearth.four;
				PRODUCT_NAME = "$(TARGET_NAME)";
				SWIFT_VERSION = 4.2;
				TARGETED_DEVICE_FAMILY = "1,2";
			};
			name = Debug;
		};
		316BCA23216BC60C008AB811 /* Release */ = {
			isa = XCBuildConfiguration;
			baseConfigurationReference = 4CA12AA6A87DC94B24144FDE /* Pods-Daykho.release.xcconfig */;
			buildSettings = {
				ASSETCATALOG_COMPILER_APPICON_NAME = AppIcon;
				CODE_SIGN_STYLE = Automatic;
				DEVELOPMENT_TEAM = B66JCRW7R4;
				INFOPLIST_FILE = se_vision/Info.plist;
				LD_RUNPATH_SEARCH_PATHS = (
					"$(inherited)",
					"@executable_path/Frameworks",
				);
				PRODUCT_BUNDLE_IDENTIFIER = com.starsearth.four;
				PRODUCT_NAME = "$(TARGET_NAME)";
				SWIFT_VERSION = 4.2;
				TARGETED_DEVICE_FAMILY = "1,2";
			};
			name = Release;
		};
		316BCA25216BC60C008AB811 /* Debug */ = {
			isa = XCBuildConfiguration;
			buildSettings = {
				ALWAYS_EMBED_SWIFT_STANDARD_LIBRARIES = YES;
				BUNDLE_LOADER = "$(TEST_HOST)";
				CODE_SIGN_STYLE = Automatic;
				DEVELOPMENT_TEAM = B66JCRW7R4;
				INFOPLIST_FILE = se_visionTests/Info.plist;
				LD_RUNPATH_SEARCH_PATHS = (
					"$(inherited)",
					"@executable_path/Frameworks",
					"@loader_path/Frameworks",
				);
				PRODUCT_BUNDLE_IDENTIFIER = "com.starsearth.se-visionTests";
				PRODUCT_NAME = "$(TARGET_NAME)";
				SWIFT_VERSION = 4.2;
				TARGETED_DEVICE_FAMILY = "1,2";
				TEST_HOST = "$(BUILT_PRODUCTS_DIR)/se_vision.app/se_vision";
			};
			name = Debug;
		};
		316BCA26216BC60C008AB811 /* Release */ = {
			isa = XCBuildConfiguration;
			buildSettings = {
				ALWAYS_EMBED_SWIFT_STANDARD_LIBRARIES = YES;
				BUNDLE_LOADER = "$(TEST_HOST)";
				CODE_SIGN_STYLE = Automatic;
				DEVELOPMENT_TEAM = B66JCRW7R4;
				INFOPLIST_FILE = se_visionTests/Info.plist;
				LD_RUNPATH_SEARCH_PATHS = (
					"$(inherited)",
					"@executable_path/Frameworks",
					"@loader_path/Frameworks",
				);
				PRODUCT_BUNDLE_IDENTIFIER = "com.starsearth.se-visionTests";
				PRODUCT_NAME = "$(TARGET_NAME)";
				SWIFT_VERSION = 4.2;
				TARGETED_DEVICE_FAMILY = "1,2";
				TEST_HOST = "$(BUILT_PRODUCTS_DIR)/se_vision.app/se_vision";
			};
			name = Release;
		};
		316BCA28216BC60C008AB811 /* Debug */ = {
			isa = XCBuildConfiguration;
			buildSettings = {
				ALWAYS_EMBED_SWIFT_STANDARD_LIBRARIES = YES;
				CODE_SIGN_STYLE = Automatic;
				DEVELOPMENT_TEAM = B66JCRW7R4;
				INFOPLIST_FILE = se_visionUITests/Info.plist;
				LD_RUNPATH_SEARCH_PATHS = (
					"$(inherited)",
					"@executable_path/Frameworks",
					"@loader_path/Frameworks",
				);
				PRODUCT_BUNDLE_IDENTIFIER = "com.starsearth.se-visionUITests";
				PRODUCT_NAME = "$(TARGET_NAME)";
				SWIFT_VERSION = 4.2;
				TARGETED_DEVICE_FAMILY = "1,2";
				TEST_TARGET_NAME = se_vision;
			};
			name = Debug;
		};
		316BCA29216BC60C008AB811 /* Release */ = {
			isa = XCBuildConfiguration;
			buildSettings = {
				ALWAYS_EMBED_SWIFT_STANDARD_LIBRARIES = YES;
				CODE_SIGN_STYLE = Automatic;
				DEVELOPMENT_TEAM = B66JCRW7R4;
				INFOPLIST_FILE = se_visionUITests/Info.plist;
				LD_RUNPATH_SEARCH_PATHS = (
					"$(inherited)",
					"@executable_path/Frameworks",
					"@loader_path/Frameworks",
				);
				PRODUCT_BUNDLE_IDENTIFIER = "com.starsearth.se-visionUITests";
				PRODUCT_NAME = "$(TARGET_NAME)";
				SWIFT_VERSION = 4.2;
				TARGETED_DEVICE_FAMILY = "1,2";
				TEST_TARGET_NAME = se_vision;
			};
			name = Release;
		};
/* End XCBuildConfiguration section */

/* Begin XCConfigurationList section */
		316BC9F4216BC60B008AB811 /* Build configuration list for PBXProject "se_vision" */ = {
			isa = XCConfigurationList;
			buildConfigurations = (
				316BCA1F216BC60C008AB811 /* Debug */,
				316BCA20216BC60C008AB811 /* Release */,
			);
			defaultConfigurationIsVisible = 0;
			defaultConfigurationName = Release;
		};
		316BCA21216BC60C008AB811 /* Build configuration list for PBXNativeTarget "Daykho" */ = {
			isa = XCConfigurationList;
			buildConfigurations = (
				316BCA22216BC60C008AB811 /* Debug */,
				316BCA23216BC60C008AB811 /* Release */,
			);
			defaultConfigurationIsVisible = 0;
			defaultConfigurationName = Release;
		};
		316BCA24216BC60C008AB811 /* Build configuration list for PBXNativeTarget "se_visionTests" */ = {
			isa = XCConfigurationList;
			buildConfigurations = (
				316BCA25216BC60C008AB811 /* Debug */,
				316BCA26216BC60C008AB811 /* Release */,
			);
			defaultConfigurationIsVisible = 0;
			defaultConfigurationName = Release;
		};
		316BCA27216BC60C008AB811 /* Build configuration list for PBXNativeTarget "se_visionUITests" */ = {
			isa = XCConfigurationList;
			buildConfigurations = (
				316BCA28216BC60C008AB811 /* Debug */,
				316BCA29216BC60C008AB811 /* Release */,
			);
			defaultConfigurationIsVisible = 0;
			defaultConfigurationName = Release;
		};
/* End XCConfigurationList section */
	};
	rootObject = 316BC9F1216BC60B008AB811 /* Project object */;
}
